<?xml version="1.0" encoding="utf-8"?>
<Project ToolsVersion="4.0" xmlns="http://schemas.microsoft.com/developer/msbuild/2003">
  <ItemGroup>
    <Filter Include="Source Files">
      <UniqueIdentifier>{843247a8-2f9f-48d5-a707-677697d2b42e}</UniqueIdentifier>
      <Extensions>cpp;c;cxx;rc;def;r;odl;idl;hpj;bat</Extensions>
    </Filter>
    <Filter Include="Header Files">
      <UniqueIdentifier>{105bc233-ebba-441e-b281-6d7281e8ce1f}</UniqueIdentifier>
      <Extensions>h;hpp;hxx;hm;inl</Extensions>
    </Filter>
  </ItemGroup>
  <ItemGroup>
    <ClCompile Include="src\XmlRpcClient.cpp">
      <Filter>Source Files</Filter>
    </ClCompile>
    <ClCompile Include="src\XmlRpcDispatch.cpp">
      <Filter>Source Files</Filter>
    </ClCompile>
    <ClCompile Include="src\XmlRpcServer.cpp">
      <Filter>Source Files</Filter>
    </ClCompile>
    <ClCompile Include="src\XmlRpcServerConnection.cpp">
      <Filter>Source Files</Filter>
    </ClCompile>
    <ClCompile Include="src\XmlRpcServerMethod.cpp">
      <Filter>Source Files</Filter>
    </ClCompile>
    <ClCompile Include="src\XmlRpcSessionManager.cpp">
      <Filter>Source Files</Filter>
    </ClCompile>
    <ClCompile Include="src\XmlRpcSocket.cpp">
      <Filter>Source Files</Filter>
    </ClCompile>
    <ClCompile Include="src\XmlRpcSource.cpp">
      <Filter>Source Files</Filter>
    </ClCompile>
    <ClCompile Include="src\XmlRpcThreads.cpp">
      <Filter>Source Files</Filter>
    </ClCompile>
    <ClCompile Include="src\XmlRpcUtil.cpp">
      <Filter>Source Files</Filter>
    </ClCompile>
    <ClCompile Include="src\XmlRpcValue.cpp">
      <Filter>Source Files</Filter>
    </ClCompile>
  </ItemGroup>
  <ItemGroup>
    <ClInclude Include="src\base64.h">
      <Filter>Header Files</Filter>
    </ClInclude>
    <ClInclude Include="src\XmlRpc.h">
      <Filter>Header Files</Filter>
    </ClInclude>
    <ClInclude Include="src\XmlRpcClient.h">
      <Filter>Header Files</Filter>
    </ClInclude>
    <ClInclude Include="src\XmlRpcDispatch.h">
      <Filter>Header Files</Filter>
    </ClInclude>
    <ClInclude Include="src\XmlRpcServer.h">
      <Filter>Header Files</Filter>
    </ClInclude>
    <ClInclude Include="src\XmlRpcServerConnection.h">
      <Filter>Header Files</Filter>
    </ClInclude>
    <ClInclude Include="src\XmlRpcServerMethod.h">
      <Filter>Header Files</Filter>
    </ClInclude>
    <ClInclude Include="src\XmlRpcSessionManager.h">
      <Filter>Header Files</Filter>
    </ClInclude>
    <ClInclude Include="src\XmlRpcSocket.h">
      <Filter>Header Files</Filter>
    </ClInclude>
    <ClInclude Include="src\XmlRpcSource.h">
      <Filter>Header Files</Filter>
    </ClInclude>
    <ClInclude Include="src\XmlRpcThreads.h">
      <Filter>Header Files</Filter>
    </ClInclude>
    <ClInclude Include="src\XmlRpcUtil.h">
      <Filter>Header Files</Filter>
    </ClInclude>
    <ClInclude Include="src\XmlRpcValue.h">
      <Filter>Header Files</Filter>
    </ClInclude>
  </ItemGroup>
  <ItemGroup>
    <None Include="README.html" />
  </ItemGroup>
</Project>