
Microsoft Visual Studio Solution File, Format Version 10.00
# Visual Studio 2008
Project("{8BC9CEB8-8B4A-11D0-8D11-00A0C91BC942}") = "tinyxml", "tinyxml.vcproj", "{9C4A7D6E-0993-401E-801A-96A8DB52C6EA}"
EndProject
Global
	GlobalSection(SolutionConfigurationPlatforms) = preSolution
		Debug|Win32 = Debug|Win32
		Release|Win32 = Release|Win32
	EndGlobalSection
	GlobalSection(ProjectConfigurationPlatforms) = postSolution
		{9C4A7D6E-0993-401E-801A-96A8DB52C6EA}.Debug|Win32.ActiveCfg = Debug|Win32
		{9C4A7D6E-0993-401E-801A-96A8DB52C6EA}.Debug|Win32.Build.0 = Debug|Win32
		{9C4A7D6E-0993-401E-801A-96A8DB52C6EA}.Release|Win32.ActiveCfg = Release|Win32
		{9C4A7D6E-0993-401E-801A-96A8DB52C6EA}.Release|Win32.Build.0 = Release|Win32
	EndGlobalSection
	GlobalSection(SolutionProperties) = preSolution
		HideSolutionNode = FALSE
	EndGlobalSection
EndGlobal
